
Microsoft Visual Studio Solution File, Format Version 12.00
# Visual Studio Version 16
VisualStudioVersion = 16.0.29509.3
MinimumVisualStudioVersion = 10.0.40219.1
Project("{2150E333-8FDC-42A3-9474-1A3956D46DE8}") = "0 - Api", "0 - Api", "{45F8124C-6E4A-4F7D-B723-16DE5F303EB1}"
EndProject
Project("{2150E333-8FDC-42A3-9474-1A3956D46DE8}") = "1 - Domain", "1 - Domain", "{4F9703C7-10AE-44E3-8652-15AC9AE4ED0D}"
EndProject
Project("{2150E333-8FDC-42A3-9474-1A3956D46DE8}") = "2 - Infra", "2 - Infra", "{0B05DC9E-2C43-4FE7-B949-4D66CB7A0FE9}"
EndProject
Project("{2150E333-8FDC-42A3-9474-1A3956D46DE8}") = "2.1 - Data", "2.1 - Data", "{0E224A8B-4144-4CAF-965D-5BD9F3273CE6}"
EndProject
Project("{2150E333-8FDC-42A3-9474-1A3956D46DE8}") = "2.1.1 - EfCore", "2.1.1 - EfCore", "{B18B8B3B-1909-4C22-8026-0238C958BE21}"
EndProject
Project("{2150E333-8FDC-42A3-9474-1A3956D46DE8}") = "2.1.2 - NoSqlMongoDb", "2.1.2 - NoSqlMongoDb", "{DA6779FE-5138-449A-A471-E89194372248}"
EndProject
Project("{2150E333-8FDC-42A3-9474-1A3956D46DE8}") = "2.2 - CrossCutting", "2.2 - CrossCutting", "{AB18A662-3264-4D1C-A1CA-86558DD2511E}"
EndProject
Project("{2150E333-8FDC-42A3-9474-1A3956D46DE8}") = "2.2.1 - IoC", "2.2.1 - IoC", "{5C39A7A3-9887-46A9-B4BE-2309AFD1ED9F}"
EndProject
Project("{2150E333-8FDC-42A3-9474-1A3956D46DE8}") = "2.2.2 - Filters", "2.2.2 - Filters", "{98D527F1-11A0-44B5-9F0C-804AD994C86C}"
EndProject
Project("{9A19103F-16F7-4668-BE54-9A1E7A4F7556}") = "Pso.Domain", "Pso.Domain\Pso.Domain.csproj", "{90F15F99-3B44-45DC-B29C-2220DD888D97}"
EndProject
Project("{9A19103F-16F7-4668-BE54-9A1E7A4F7556}") = "Pso.Infra.Data.EfCore", "Pso.Infra.Data.EfCore\Pso.Infra.Data.EfCore.csproj", "{2A1B03E2-30D4-4801-89AD-81ABD0430A2B}"
EndProject
Project("{9A19103F-16F7-4668-BE54-9A1E7A4F7556}") = "Pso.Infra.Data.NoSqlMongoDb", "Pso.Infra.Data.NoSqlMongoDb\Pso.Infra.Data.NoSqlMongoDb.csproj", "{15A26203-F8D5-48B7-8494-C95EAD9DEC56}"
EndProject
Project("{9A19103F-16F7-4668-BE54-9A1E7A4F7556}") = "Pso.Infra.CrossCutting.Filters", "Pso.Infra.CrossCutting.Filters\Pso.Infra.CrossCutting.Filters.csproj", "{3C954DF3-61C4-4F74-B55D-E932470057E0}"
EndProject
Project("{9A19103F-16F7-4668-BE54-9A1E7A4F7556}") = "Pso.Infra.CrossCutting.IoC", "Pso.Infra.CrossCutting.IoC\Pso.Infra.CrossCutting.IoC.csproj", "{29C0C827-7620-43C9-8BCF-64741E5FD307}"
EndProject
Project("{2150E333-8FDC-42A3-9474-1A3956D46DE8}") = "1.1 - Core", "1.1 - Core", "{94894BC2-7261-4932-8603-393F75602DF9}"
EndProject
Project("{9A19103F-16F7-4668-BE54-9A1E7A4F7556}") = "Pso.Domain.Core", "Pso.Domain.Core\Pso.Domain.Core.csproj", "{8012428F-490B-406B-A919-3039E02ACDEA}"
EndProject
Project("{FAE04EC0-301F-11D3-BF4B-00C04F79EFBC}") = "Pso.Api", "Pso.Api\Pso.Api.csproj", "{1909CD35-F5F3-46C3-8C34-9878C61438B6}"
EndProject
Global
	GlobalSection(SolutionConfigurationPlatforms) = preSolution
		Debug|Any CPU = Debug|Any CPU
		Release|Any CPU = Release|Any CPU
	EndGlobalSection
	GlobalSection(ProjectConfigurationPlatforms) = postSolution
		{90F15F99-3B44-45DC-B29C-2220DD888D97}.Debug|Any CPU.ActiveCfg = Debug|Any CPU
		{90F15F99-3B44-45DC-B29C-2220DD888D97}.Debug|Any CPU.Build.0 = Debug|Any CPU
		{90F15F99-3B44-45DC-B29C-2220DD888D97}.Release|Any CPU.ActiveCfg = Release|Any CPU
		{90F15F99-3B44-45DC-B29C-2220DD888D97}.Release|Any CPU.Build.0 = Release|Any CPU
		{2A1B03E2-30D4-4801-89AD-81ABD0430A2B}.Debug|Any CPU.ActiveCfg = Debug|Any CPU
		{2A1B03E2-30D4-4801-89AD-81ABD0430A2B}.Debug|Any CPU.Build.0 = Debug|Any CPU
		{2A1B03E2-30D4-4801-89AD-81ABD0430A2B}.Release|Any CPU.ActiveCfg = Release|Any CPU
		{2A1B03E2-30D4-4801-89AD-81ABD0430A2B}.Release|Any CPU.Build.0 = Release|Any CPU
		{15A26203-F8D5-48B7-8494-C95EAD9DEC56}.Debug|Any CPU.ActiveCfg = Debug|Any CPU
		{15A26203-F8D5-48B7-8494-C95EAD9DEC56}.Debug|Any CPU.Build.0 = Debug|Any CPU
		{15A26203-F8D5-48B7-8494-C95EAD9DEC56}.Release|Any CPU.ActiveCfg = Release|Any CPU
		{15A26203-F8D5-48B7-8494-C95EAD9DEC56}.Release|Any CPU.Build.0 = Release|Any CPU
		{3C954DF3-61C4-4F74-B55D-E932470057E0}.Debug|Any CPU.ActiveCfg = Debug|Any CPU
		{3C954DF3-61C4-4F74-B55D-E932470057E0}.Debug|Any CPU.Build.0 = Debug|Any CPU
		{3C954DF3-61C4-4F74-B55D-E932470057E0}.Release|Any CPU.ActiveCfg = Release|Any CPU
		{3C954DF3-61C4-4F74-B55D-E932470057E0}.Release|Any CPU.Build.0 = Release|Any CPU
		{29C0C827-7620-43C9-8BCF-64741E5FD307}.Debug|Any CPU.ActiveCfg = Debug|Any CPU
		{29C0C827-7620-43C9-8BCF-64741E5FD307}.Debug|Any CPU.Build.0 = Debug|Any CPU
		{29C0C827-7620-43C9-8BCF-64741E5FD307}.Release|Any CPU.ActiveCfg = Release|Any CPU
		{29C0C827-7620-43C9-8BCF-64741E5FD307}.Release|Any CPU.Build.0 = Release|Any CPU
		{8012428F-490B-406B-A919-3039E02ACDEA}.Debug|Any CPU.ActiveCfg = Debug|Any CPU
		{8012428F-490B-406B-A919-3039E02ACDEA}.Debug|Any CPU.Build.0 = Debug|Any CPU
		{8012428F-490B-406B-A919-3039E02ACDEA}.Release|Any CPU.ActiveCfg = Release|Any CPU
		{8012428F-490B-406B-A919-3039E02ACDEA}.Release|Any CPU.Build.0 = Release|Any CPU
		{1909CD35-F5F3-46C3-8C34-9878C61438B6}.Debug|Any CPU.ActiveCfg = Debug|Any CPU
		{1909CD35-F5F3-46C3-8C34-9878C61438B6}.Debug|Any CPU.Build.0 = Debug|Any CPU
		{1909CD35-F5F3-46C3-8C34-9878C61438B6}.Release|Any CPU.ActiveCfg = Release|Any CPU
		{1909CD35-F5F3-46C3-8C34-9878C61438B6}.Release|Any CPU.Build.0 = Release|Any CPU
	EndGlobalSection
	GlobalSection(SolutionProperties) = preSolution
		HideSolutionNode = FALSE
	EndGlobalSection
	GlobalSection(NestedProjects) = preSolution
		{0E224A8B-4144-4CAF-965D-5BD9F3273CE6} = {0B05DC9E-2C43-4FE7-B949-4D66CB7A0FE9}
		{B18B8B3B-1909-4C22-8026-0238C958BE21} = {0E224A8B-4144-4CAF-965D-5BD9F3273CE6}
		{DA6779FE-5138-449A-A471-E89194372248} = {0E224A8B-4144-4CAF-965D-5BD9F3273CE6}
		{AB18A662-3264-4D1C-A1CA-86558DD2511E} = {0B05DC9E-2C43-4FE7-B949-4D66CB7A0FE9}
		{5C39A7A3-9887-46A9-B4BE-2309AFD1ED9F} = {AB18A662-3264-4D1C-A1CA-86558DD2511E}
		{98D527F1-11A0-44B5-9F0C-804AD994C86C} = {AB18A662-3264-4D1C-A1CA-86558DD2511E}
		{90F15F99-3B44-45DC-B29C-2220DD888D97} = {4F9703C7-10AE-44E3-8652-15AC9AE4ED0D}
		{2A1B03E2-30D4-4801-89AD-81ABD0430A2B} = {B18B8B3B-1909-4C22-8026-0238C958BE21}
		{15A26203-F8D5-48B7-8494-C95EAD9DEC56} = {DA6779FE-5138-449A-A471-E89194372248}
		{3C954DF3-61C4-4F74-B55D-E932470057E0} = {98D527F1-11A0-44B5-9F0C-804AD994C86C}
		{29C0C827-7620-43C9-8BCF-64741E5FD307} = {5C39A7A3-9887-46A9-B4BE-2309AFD1ED9F}
		{94894BC2-7261-4932-8603-393F75602DF9} = {4F9703C7-10AE-44E3-8652-15AC9AE4ED0D}
		{8012428F-490B-406B-A919-3039E02ACDEA} = {94894BC2-7261-4932-8603-393F75602DF9}
		{1909CD35-F5F3-46C3-8C34-9878C61438B6} = {45F8124C-6E4A-4F7D-B723-16DE5F303EB1}
	EndGlobalSection
	GlobalSection(ExtensibilityGlobals) = postSolution
		SolutionGuid = {3AF77D07-1F3C-4A9B-92AA-F87AEF4BB0B2}
	EndGlobalSection
EndGlobal
